
Microsoft Visual Studio Solution File, Format Version 12.00
# Visual Studio Version 16
VisualStudioVersion = 16.0.31515.178
MinimumVisualStudioVersion = 10.0.40219.1
Project("{9A19103F-16F7-4668-BE54-9A1E7A4F7556}") = "MooGameAntonioSantana", "MooGameAntonioSantana\MooGameAntonioSantana.csproj", "{42751102-62A1-4C8B-BB27-293954D21C8F}"
EndProject
Project("{FAE04EC0-301F-11D3-BF4B-00C04F79EFBC}") = "MooGameAntonioSantanaTests", "MooGameAntonioSantanaTests\MooGameAntonioSantanaTests.csproj", "{9429B999-1714-4D75-BE18-101A2021CCF9}"
EndProject
Global
	GlobalSection(SolutionConfigurationPlatforms) = preSolution
		Debug|Any CPU = Debug|Any CPU
		Release|Any CPU = Release|Any CPU
	EndGlobalSection
	GlobalSection(ProjectConfigurationPlatforms) = postSolution
		{42751102-62A1-4C8B-BB27-293954D21C8F}.Debug|Any CPU.ActiveCfg = Debug|Any CPU
		{42751102-62A1-4C8B-BB27-293954D21C8F}.Debug|Any CPU.Build.0 = Debug|Any CPU
		{42751102-62A1-4C8B-BB27-293954D21C8F}.Release|Any CPU.ActiveCfg = Release|Any CPU
		{42751102-62A1-4C8B-BB27-293954D21C8F}.Release|Any CPU.Build.0 = Release|Any CPU
		{9429B999-1714-4D75-BE18-101A2021CCF9}.Debug|Any CPU.ActiveCfg = Debug|Any CPU
		{9429B999-1714-4D75-BE18-101A2021CCF9}.Debug|Any CPU.Build.0 = Debug|Any CPU
		{9429B999-1714-4D75-BE18-101A2021CCF9}.Release|Any CPU.ActiveCfg = Release|Any CPU
		{9429B999-1714-4D75-BE18-101A2021CCF9}.Release|Any CPU.Build.0 = Release|Any CPU
	EndGlobalSection
	GlobalSection(SolutionProperties) = preSolution
		HideSolutionNode = FALSE
	EndGlobalSection
	GlobalSection(ExtensibilityGlobals) = postSolution
		SolutionGuid = {5E71462C-AF78-4B71-8B51-B7617A91C389}
	EndGlobalSection
EndGlobal
